
Microsoft Visual Studio Solution File, Format Version 12.00
# Visual Studio Version 17
VisualStudioVersion = 17.3.32804.467
MinimumVisualStudioVersion = 10.0.40219.1
Project("{2150E333-8FDC-42A3-9474-1A3956D46DE8}") = "src", "src", "{FBB0E6FA-10C8-43B1-A5A5-8711FDC07822}"
EndProject
Project("{2150E333-8FDC-42A3-9474-1A3956D46DE8}") = "corePackages", "corePackages", "{BD2ABDB5-A641-4B22-B50F-8CD4DFA28073}"
EndProject
Project("{9A19103F-16F7-4668-BE54-9A1E7A4F7556}") = "Core.Application", "src\corePackages\Core.Application\Core.Application.csproj", "{FED69A6A-71D0-44AD-9B7D-A9A9FF91BD90}"
EndProject
Project("{9A19103F-16F7-4668-BE54-9A1E7A4F7556}") = "Core.CrossCuttingConcerns", "src\corePackages\Core.CrossCuttingConcerns\Core.CrossCuttingConcerns.csproj", "{D23EB9FC-0257-41F2-82A3-3622E390D07F}"
EndProject
Project("{9A19103F-16F7-4668-BE54-9A1E7A4F7556}") = "Core.ElasticSearch", "src\corePackages\Core.ElasticSearch\Core.ElasticSearch.csproj", "{1146AC22-B348-48B3-88A6-FF489D17CB82}"
EndProject
Project("{9A19103F-16F7-4668-BE54-9A1E7A4F7556}") = "Core.Mailing", "src\corePackages\Core.Mailing\Core.Mailing.csproj", "{028E5A2A-239E-424F-837D-9404985ED034}"
EndProject
Project("{9A19103F-16F7-4668-BE54-9A1E7A4F7556}") = "Core.Persistence", "src\corePackages\Core.Persistence\Core.Persistence.csproj", "{16200AA7-7E8C-466F-8F50-596276C3DC5B}"
EndProject
Project("{9A19103F-16F7-4668-BE54-9A1E7A4F7556}") = "Core.Security", "src\corePackages\Core.Security\Core.Security.csproj", "{FF820B46-DDB8-45FD-9561-A349B6F63E8A}"
EndProject
Project("{2150E333-8FDC-42A3-9474-1A3956D46DE8}") = "project", "project", "{92116019-E66F-49D6-90B6-F7052D67875E}"
EndProject
Project("{2150E333-8FDC-42A3-9474-1A3956D46DE8}") = "Kodlama.io.Devs", "Kodlama.io.Devs", "{706100EC-6597-4E0E-846F-593653EFBE02}"
EndProject
Project("{FAE04EC0-301F-11D3-BF4B-00C04F79EFBC}") = "Application", "src\project\Kodlama.io.Devs\Application\Application.csproj", "{CFCCF672-1647-456A-A6DA-6DC3A9DCD1D5}"
EndProject
Project("{FAE04EC0-301F-11D3-BF4B-00C04F79EFBC}") = "Domain", "src\project\Kodlama.io.Devs\Domain\Domain.csproj", "{8B272640-7F67-48BB-B149-C3081D058EDA}"
EndProject
Project("{FAE04EC0-301F-11D3-BF4B-00C04F79EFBC}") = "Persistence", "src\project\Kodlama.io.Devs\Persistence\Persistence.csproj", "{41058895-ADC2-43AE-BCBB-32CA421CA545}"
EndProject
Project("{FAE04EC0-301F-11D3-BF4B-00C04F79EFBC}") = "Infrastructure", "src\project\Kodlama.io.Devs\Infrastructure\Infrastructure.csproj", "{37B2F598-A7CC-46F7-AC3C-3F0185305D4D}"
EndProject
Project("{FAE04EC0-301F-11D3-BF4B-00C04F79EFBC}") = "WebAPI", "src\project\Kodlama.io.Devs\WebAPI\WebAPI.csproj", "{EDB628AD-9494-4A8A-B024-0714A175367B}"
EndProject
Global
	GlobalSection(SolutionConfigurationPlatforms) = preSolution
		Debug|Any CPU = Debug|Any CPU
		Release|Any CPU = Release|Any CPU
	EndGlobalSection
	GlobalSection(ProjectConfigurationPlatforms) = postSolution
		{FED69A6A-71D0-44AD-9B7D-A9A9FF91BD90}.Debug|Any CPU.ActiveCfg = Debug|Any CPU
		{FED69A6A-71D0-44AD-9B7D-A9A9FF91BD90}.Debug|Any CPU.Build.0 = Debug|Any CPU
		{FED69A6A-71D0-44AD-9B7D-A9A9FF91BD90}.Release|Any CPU.ActiveCfg = Release|Any CPU
		{FED69A6A-71D0-44AD-9B7D-A9A9FF91BD90}.Release|Any CPU.Build.0 = Release|Any CPU
		{D23EB9FC-0257-41F2-82A3-3622E390D07F}.Debug|Any CPU.ActiveCfg = Debug|Any CPU
		{D23EB9FC-0257-41F2-82A3-3622E390D07F}.Debug|Any CPU.Build.0 = Debug|Any CPU
		{D23EB9FC-0257-41F2-82A3-3622E390D07F}.Release|Any CPU.ActiveCfg = Release|Any CPU
		{D23EB9FC-0257-41F2-82A3-3622E390D07F}.Release|Any CPU.Build.0 = Release|Any CPU
		{1146AC22-B348-48B3-88A6-FF489D17CB82}.Debug|Any CPU.ActiveCfg = Debug|Any CPU
		{1146AC22-B348-48B3-88A6-FF489D17CB82}.Debug|Any CPU.Build.0 = Debug|Any CPU
		{1146AC22-B348-48B3-88A6-FF489D17CB82}.Release|Any CPU.ActiveCfg = Release|Any CPU
		{1146AC22-B348-48B3-88A6-FF489D17CB82}.Release|Any CPU.Build.0 = Release|Any CPU
		{028E5A2A-239E-424F-837D-9404985ED034}.Debug|Any CPU.ActiveCfg = Debug|Any CPU
		{028E5A2A-239E-424F-837D-9404985ED034}.Debug|Any CPU.Build.0 = Debug|Any CPU
		{028E5A2A-239E-424F-837D-9404985ED034}.Release|Any CPU.ActiveCfg = Release|Any CPU
		{028E5A2A-239E-424F-837D-9404985ED034}.Release|Any CPU.Build.0 = Release|Any CPU
		{16200AA7-7E8C-466F-8F50-596276C3DC5B}.Debug|Any CPU.ActiveCfg = Debug|Any CPU
		{16200AA7-7E8C-466F-8F50-596276C3DC5B}.Debug|Any CPU.Build.0 = Debug|Any CPU
		{16200AA7-7E8C-466F-8F50-596276C3DC5B}.Release|Any CPU.ActiveCfg = Release|Any CPU
		{16200AA7-7E8C-466F-8F50-596276C3DC5B}.Release|Any CPU.Build.0 = Release|Any CPU
		{FF820B46-DDB8-45FD-9561-A349B6F63E8A}.Debug|Any CPU.ActiveCfg = Debug|Any CPU
		{FF820B46-DDB8-45FD-9561-A349B6F63E8A}.Debug|Any CPU.Build.0 = Debug|Any CPU
		{FF820B46-DDB8-45FD-9561-A349B6F63E8A}.Release|Any CPU.ActiveCfg = Release|Any CPU
		{FF820B46-DDB8-45FD-9561-A349B6F63E8A}.Release|Any CPU.Build.0 = Release|Any CPU
		{CFCCF672-1647-456A-A6DA-6DC3A9DCD1D5}.Debug|Any CPU.ActiveCfg = Debug|Any CPU
		{CFCCF672-1647-456A-A6DA-6DC3A9DCD1D5}.Debug|Any CPU.Build.0 = Debug|Any CPU
		{CFCCF672-1647-456A-A6DA-6DC3A9DCD1D5}.Release|Any CPU.ActiveCfg = Release|Any CPU
		{CFCCF672-1647-456A-A6DA-6DC3A9DCD1D5}.Release|Any CPU.Build.0 = Release|Any CPU
		{8B272640-7F67-48BB-B149-C3081D058EDA}.Debug|Any CPU.ActiveCfg = Debug|Any CPU
		{8B272640-7F67-48BB-B149-C3081D058EDA}.Debug|Any CPU.Build.0 = Debug|Any CPU
		{8B272640-7F67-48BB-B149-C3081D058EDA}.Release|Any CPU.ActiveCfg = Release|Any CPU
		{8B272640-7F67-48BB-B149-C3081D058EDA}.Release|Any CPU.Build.0 = Release|Any CPU
		{41058895-ADC2-43AE-BCBB-32CA421CA545}.Debug|Any CPU.ActiveCfg = Debug|Any CPU
		{41058895-ADC2-43AE-BCBB-32CA421CA545}.Debug|Any CPU.Build.0 = Debug|Any CPU
		{41058895-ADC2-43AE-BCBB-32CA421CA545}.Release|Any CPU.ActiveCfg = Release|Any CPU
		{41058895-ADC2-43AE-BCBB-32CA421CA545}.Release|Any CPU.Build.0 = Release|Any CPU
		{37B2F598-A7CC-46F7-AC3C-3F0185305D4D}.Debug|Any CPU.ActiveCfg = Debug|Any CPU
		{37B2F598-A7CC-46F7-AC3C-3F0185305D4D}.Debug|Any CPU.Build.0 = Debug|Any CPU
		{37B2F598-A7CC-46F7-AC3C-3F0185305D4D}.Release|Any CPU.ActiveCfg = Release|Any CPU
		{37B2F598-A7CC-46F7-AC3C-3F0185305D4D}.Release|Any CPU.Build.0 = Release|Any CPU
		{EDB628AD-9494-4A8A-B024-0714A175367B}.Debug|Any CPU.ActiveCfg = Debug|Any CPU
		{EDB628AD-9494-4A8A-B024-0714A175367B}.Debug|Any CPU.Build.0 = Debug|Any CPU
		{EDB628AD-9494-4A8A-B024-0714A175367B}.Release|Any CPU.ActiveCfg = Release|Any CPU
		{EDB628AD-9494-4A8A-B024-0714A175367B}.Release|Any CPU.Build.0 = Release|Any CPU
	EndGlobalSection
	GlobalSection(SolutionProperties) = preSolution
		HideSolutionNode = FALSE
	EndGlobalSection
	GlobalSection(NestedProjects) = preSolution
		{BD2ABDB5-A641-4B22-B50F-8CD4DFA28073} = {FBB0E6FA-10C8-43B1-A5A5-8711FDC07822}
		{FED69A6A-71D0-44AD-9B7D-A9A9FF91BD90} = {BD2ABDB5-A641-4B22-B50F-8CD4DFA28073}
		{D23EB9FC-0257-41F2-82A3-3622E390D07F} = {BD2ABDB5-A641-4B22-B50F-8CD4DFA28073}
		{1146AC22-B348-48B3-88A6-FF489D17CB82} = {BD2ABDB5-A641-4B22-B50F-8CD4DFA28073}
		{028E5A2A-239E-424F-837D-9404985ED034} = {BD2ABDB5-A641-4B22-B50F-8CD4DFA28073}
		{16200AA7-7E8C-466F-8F50-596276C3DC5B} = {BD2ABDB5-A641-4B22-B50F-8CD4DFA28073}
		{FF820B46-DDB8-45FD-9561-A349B6F63E8A} = {BD2ABDB5-A641-4B22-B50F-8CD4DFA28073}
		{92116019-E66F-49D6-90B6-F7052D67875E} = {FBB0E6FA-10C8-43B1-A5A5-8711FDC07822}
		{706100EC-6597-4E0E-846F-593653EFBE02} = {92116019-E66F-49D6-90B6-F7052D67875E}
		{CFCCF672-1647-456A-A6DA-6DC3A9DCD1D5} = {706100EC-6597-4E0E-846F-593653EFBE02}
		{8B272640-7F67-48BB-B149-C3081D058EDA} = {706100EC-6597-4E0E-846F-593653EFBE02}
		{41058895-ADC2-43AE-BCBB-32CA421CA545} = {706100EC-6597-4E0E-846F-593653EFBE02}
		{37B2F598-A7CC-46F7-AC3C-3F0185305D4D} = {706100EC-6597-4E0E-846F-593653EFBE02}
		{EDB628AD-9494-4A8A-B024-0714A175367B} = {706100EC-6597-4E0E-846F-593653EFBE02}
	EndGlobalSection
	GlobalSection(ExtensibilityGlobals) = postSolution
		SolutionGuid = {AF22B4C8-3291-445B-8C43-EBF0F9EB820F}
	EndGlobalSection
EndGlobal
